
Microsoft Visual Studio Solution File, Format Version 12.00
# Visual Studio Version 17
VisualStudioVersion = 17.1.32210.238
MinimumVisualStudioVersion = 10.0.40219.1
Project("{FAE04EC0-301F-11D3-BF4B-00C04F79EFBC}") = "04 Arrays and Strings - Code project - Words", "04 Arrays and Strings - Code project - Words.csproj", "{ECB7B14F-B8BA-4F90-86AD-F187029CF75F}"
EndProject
Global
	GlobalSection(SolutionConfigurationPlatforms) = preSolution
		Debug|Any CPU = Debug|Any CPU
		Release|Any CPU = Release|Any CPU
	EndGlobalSection
	GlobalSection(ProjectConfigurationPlatforms) = postSolution
		{ECB7B14F-B8BA-4F90-86AD-F187029CF75F}.Debug|Any CPU.ActiveCfg = Debug|Any CPU
		{ECB7B14F-B8BA-4F90-86AD-F187029CF75F}.Debug|Any CPU.Build.0 = Debug|Any CPU
		{ECB7B14F-B8BA-4F90-86AD-F187029CF75F}.Release|Any CPU.ActiveCfg = Release|Any CPU
		{ECB7B14F-B8BA-4F90-86AD-F187029CF75F}.Release|Any CPU.Build.0 = Release|Any CPU
	EndGlobalSection
	GlobalSection(SolutionProperties) = preSolution
		HideSolutionNode = FALSE
	EndGlobalSection
	GlobalSection(ExtensibilityGlobals) = postSolution
		SolutionGuid = {48A618FD-837E-499C-B58E-8419FF44D303}
	EndGlobalSection
EndGlobal
